{
  "name": "ui",
  "lockfileVersion": 2,
  "requires": true,
  "packages": {
    "": {
      "dependencies": {
        "preact": "^10.5.12",
        "typescript": "^4.1.5"
      }
    },
    "node_modules/preact": {
      "version": "10.5.12",
      "resolved": "https://registry.npmjs.org/preact/-/preact-10.5.12.tgz",
      "integrity": "sha512-r6siDkuD36oszwlCkcqDJCAKBQxGoeEGytw2DGMD5A/GGdu5Tymw+N2OBXwvOLxg6d1FeY8MgMV3cc5aVQo4Cg==",
      "funding": {
        "type": "opencollective",
        "url": "https://opencollective.com/preact"
      }
    },
    "node_modules/typescript": {
      "version": "4.1.5",
      "resolved": "https://registry.npmjs.org/typescript/-/typescript-4.1.5.tgz",
      "integrity": "sha512-6OSu9PTIzmn9TCDiovULTnET6BgXtDYL4Gg4szY+cGsc3JP1dQL8qvE8kShTRx1NIw4Q9IBHlwODjkjWEtMUyA==",
      "bin": {
        "tsc": "bin/tsc",
        "tsserver": "bin/tsserver"
      },
      "engines": {
        "node": ">=4.2.0"
      }
    }
  },
  "dependencies": {
    "preact": {
      "version": "10.5.12",
      "resolved": "https://registry.npmjs.org/preact/-/preact-10.5.12.tgz",
      "integrity": "sha512-r6siDkuD36oszwlCkcqDJCAKBQxGoeEGytw2DGMD5A/GGdu5Tymw+N2OBXwvOLxg6d1FeY8MgMV3cc5aVQo4Cg=="
    },
    "typescript": {
      "version": "4.1.5",
      "resolved": "https://registry.npmjs.org/typescript/-/typescript-4.1.5.tgz",
      "integrity": "sha512-6OSu9PTIzmn9TCDiovULTnET6BgXtDYL4Gg4szY+cGsc3JP1dQL8qvE8kShTRx1NIw4Q9IBHlwODjkjWEtMUyA=="
    }
  }
}
