{
  "name": "ui",
  "lockfileVersion": 2,
  "requires": true,
  "packages": {
    "": {
      "dependencies": {
        "typescript": "^4.2.2"
      },
      "devDependencies": {
        "@types/mithril": "^2.0.6"
      }
    },
    "node_modules/@types/mithril": {
      "version": "2.0.6",
      "resolved": "https://registry.npmjs.org/@types/mithril/-/mithril-2.0.6.tgz",
      "integrity": "sha512-oOyFr99rKH+94uKHjIVKTL9uaUaxtXJgtZOZkjhWIAY8twr9YzxfEmYARMJkWC3aVg52We8d4wtLhqQ99+fXpw==",
      "dev": true
    },
    "node_modules/typescript": {
      "version": "4.2.2",
      "resolved": "https://registry.npmjs.org/typescript/-/typescript-4.2.2.tgz",
      "integrity": "sha512-tbb+NVrLfnsJy3M59lsDgrzWIflR4d4TIUjz+heUnHZwdF7YsrMTKoRERiIvI2lvBG95dfpLxB21WZhys1bgaQ==",
      "bin": {
        "tsc": "bin/tsc",
        "tsserver": "bin/tsserver"
      },
      "engines": {
        "node": ">=4.2.0"
      }
    }
  },
  "dependencies": {
    "@types/mithril": {
      "version": "2.0.6",
      "resolved": "https://registry.npmjs.org/@types/mithril/-/mithril-2.0.6.tgz",
      "integrity": "sha512-oOyFr99rKH+94uKHjIVKTL9uaUaxtXJgtZOZkjhWIAY8twr9YzxfEmYARMJkWC3aVg52We8d4wtLhqQ99+fXpw==",
      "dev": true
    },
    "typescript": {
      "version": "4.2.2",
      "resolved": "https://registry.npmjs.org/typescript/-/typescript-4.2.2.tgz",
      "integrity": "sha512-tbb+NVrLfnsJy3M59lsDgrzWIflR4d4TIUjz+heUnHZwdF7YsrMTKoRERiIvI2lvBG95dfpLxB21WZhys1bgaQ=="
    }
  }
}
